
Microsoft Visual Studio Solution File, Format Version 12.00
# Visual Studio Version 16
VisualStudioVersion = 16.0.29806.167
MinimumVisualStudioVersion = 10.0.40219.1
Project("{FAE04EC0-301F-11D3-BF4B-00C04F79EFBC}") = "R6Sharp", "R6Sharp\R6Sharp.csproj", "{CC2EC2FB-0B68-4335-BD76-1CD91DAFABF1}"
EndProject
Project("{FAE04EC0-301F-11D3-BF4B-00C04F79EFBC}") = "Example", "Example\Example.csproj", "{F1A69831-D694-48F0-A53A-195079D9B5FF}"
EndProject
Global
	GlobalSection(SolutionConfigurationPlatforms) = preSolution
		Debug|Any CPU = Debug|Any CPU
		Release|Any CPU = Release|Any CPU
	EndGlobalSection
	GlobalSection(ProjectConfigurationPlatforms) = postSolution
		{CC2EC2FB-0B68-4335-BD76-1CD91DAFABF1}.Debug|Any CPU.ActiveCfg = Debug|Any CPU
		{CC2EC2FB-0B68-4335-BD76-1CD91DAFABF1}.Debug|Any CPU.Build.0 = Debug|Any CPU
		{CC2EC2FB-0B68-4335-BD76-1CD91DAFABF1}.Release|Any CPU.ActiveCfg = Release|Any CPU
		{CC2EC2FB-0B68-4335-BD76-1CD91DAFABF1}.Release|Any CPU.Build.0 = Release|Any CPU
		{F1A69831-D694-48F0-A53A-195079D9B5FF}.Debug|Any CPU.ActiveCfg = Debug|Any CPU
		{F1A69831-D694-48F0-A53A-195079D9B5FF}.Debug|Any CPU.Build.0 = Debug|Any CPU
		{F1A69831-D694-48F0-A53A-195079D9B5FF}.Release|Any CPU.ActiveCfg = Release|Any CPU
		{F1A69831-D694-48F0-A53A-195079D9B5FF}.Release|Any CPU.Build.0 = Release|Any CPU
	EndGlobalSection
	GlobalSection(SolutionProperties) = preSolution
		HideSolutionNode = FALSE
	EndGlobalSection
	GlobalSection(ExtensibilityGlobals) = postSolution
		SolutionGuid = {EBD11979-8D77-465F-B2CA-E1E0B2A8C7DE}
	EndGlobalSection
EndGlobal
